
Microsoft Visual Studio Solution File, Format Version 12.00
# Visual Studio 15
VisualStudioVersion = 15.0.27428.2043
MinimumVisualStudioVersion = 10.0.40219.1
Project("{FAE04EC0-301F-11D3-BF4B-00C04F79EFBC}") = "HelloAngular", "HelloAngular\HelloAngular.csproj", "{0BAC6A7A-082D-452F-B59B-F9D56186DB01}"
EndProject
Global
	GlobalSection(SolutionConfigurationPlatforms) = preSolution
		Debug|Any CPU = Debug|Any CPU
		Release|Any CPU = Release|Any CPU
	EndGlobalSection
	GlobalSection(ProjectConfigurationPlatforms) = postSolution
		{0BAC6A7A-082D-452F-B59B-F9D56186DB01}.Debug|Any CPU.ActiveCfg = Debug|Any CPU
		{0BAC6A7A-082D-452F-B59B-F9D56186DB01}.Debug|Any CPU.Build.0 = Debug|Any CPU
		{0BAC6A7A-082D-452F-B59B-F9D56186DB01}.Release|Any CPU.ActiveCfg = Release|Any CPU
		{0BAC6A7A-082D-452F-B59B-F9D56186DB01}.Release|Any CPU.Build.0 = Release|Any CPU
	EndGlobalSection
	GlobalSection(SolutionProperties) = preSolution
		HideSolutionNode = FALSE
	EndGlobalSection
	GlobalSection(ExtensibilityGlobals) = postSolution
		SolutionGuid = {1D6FBC8D-8BE5-4E3A-AD55-AD75EA9B4CA0}
	EndGlobalSection
EndGlobal
